// !$*UTF8*$!
{
	archiveVersion = 1;
	classes = {
	};
	objectVersion = 52;
	objects = {

/* Begin PBXBuildFile section */
		4206563D26CA46DA00F57766 /* DesignableTextField.swift in Sources */ = {isa = PBXBuildFile; fileRef = 4206563C26CA46DA00F57766 /* DesignableTextField.swift */; };
		4206563F26CA46EB00F57766 /* BounceButton.swift in Sources */ = {isa = PBXBuildFile; fileRef = 4206563E26CA46EB00F57766 /* BounceButton.swift */; };
		4206564126CA46FD00F57766 /* DesignButton.swift in Sources */ = {isa = PBXBuildFile; fileRef = 4206564026CA46FD00F57766 /* DesignButton.swift */; };
		4206564426CBF58500F57766 /* Alamofire in Frameworks */ = {isa = PBXBuildFile; productRef = 4206564326CBF58500F57766 /* Alamofire */; };
		4206564726CBF59E00F57766 /* SwiftyJSON in Frameworks */ = {isa = PBXBuildFile; productRef = 4206564626CBF59E00F57766 /* SwiftyJSON */; };
		4210E69726C1879F00FB5624 /* AppDelegate.swift in Sources */ = {isa = PBXBuildFile; fileRef = 4210E69626C1879F00FB5624 /* AppDelegate.swift */; };
		4210E69926C1879F00FB5624 /* SceneDelegate.swift in Sources */ = {isa = PBXBuildFile; fileRef = 4210E69826C1879F00FB5624 /* SceneDelegate.swift */; };
		4210E69B26C1879F00FB5624 /* CharacterListViewController.swift in Sources */ = {isa = PBXBuildFile; fileRef = 4210E69A26C1879F00FB5624 /* CharacterListViewController.swift */; };
		4210E69E26C1879F00FB5624 /* Main.storyboard in Resources */ = {isa = PBXBuildFile; fileRef = 4210E69C26C1879F00FB5624 /* Main.storyboard */; };
		4210E6A126C1879F00FB5624 /* AppleNewsFeed.xcdatamodeld in Sources */ = {isa = PBXBuildFile; fileRef = 4210E69F26C1879F00FB5624 /* AppleNewsFeed.xcdatamodeld */; };
		4210E6A326C187A100FB5624 /* Assets.xcassets in Resources */ = {isa = PBXBuildFile; fileRef = 4210E6A226C187A100FB5624 /* Assets.xcassets */; };
		4210E6A626C187A100FB5624 /* LaunchScreen.storyboard in Resources */ = {isa = PBXBuildFile; fileRef = 4210E6A426C187A100FB5624 /* LaunchScreen.storyboard */; };
		4210E6B326C1882000FB5624 /* Alert.swift in Sources */ = {isa = PBXBuildFile; fileRef = 4210E6B226C1882000FB5624 /* Alert.swift */; };
		4210E6B526C18CBC00FB5624 /* CharacterListTableViewCell.swift in Sources */ = {isa = PBXBuildFile; fileRef = 4210E6B426C18CBC00FB5624 /* CharacterListTableViewCell.swift */; };
		4210E6B726C1906C00FB5624 /* Item.swift in Sources */ = {isa = PBXBuildFile; fileRef = 4210E6B626C1906C00FB5624 /* Item.swift */; };
		42F9A0AA26C434E900BDC7D6 /* DetailViewController.swift in Sources */ = {isa = PBXBuildFile; fileRef = 42F9A0A926C434E900BDC7D6 /* DetailViewController.swift */; };
		42F9A0AC26C43A3400BDC7D6 /* FindCharacterController.swift in Sources */ = {isa = PBXBuildFile; fileRef = 42F9A0AB26C43A3400BDC7D6 /* FindCharacterController.swift */; };
		42F9A0AE26C43EF800BDC7D6 /* SavedCharacterListViewController.swift in Sources */ = {isa = PBXBuildFile; fileRef = 42F9A0AD26C43EF800BDC7D6 /* SavedCharacterListViewController.swift */; };
/* End PBXBuildFile section */

/* Begin PBXFileReference section */
		4206563C26CA46DA00F57766 /* DesignableTextField.swift */ = {isa = PBXFileReference; lastKnownFileType = sourcecode.swift; path = DesignableTextField.swift; sourceTree = "<group>"; };
		4206563E26CA46EB00F57766 /* BounceButton.swift */ = {isa = PBXFileReference; lastKnownFileType = sourcecode.swift; path = BounceButton.swift; sourceTree = "<group>"; };
		4206564026CA46FD00F57766 /* DesignButton.swift */ = {isa = PBXFileReference; lastKnownFileType = sourcecode.swift; path = DesignButton.swift; sourceTree = "<group>"; };
		4210E69326C1879F00FB5624 /* AppleNewsFeed.app */ = {isa = PBXFileReference; explicitFileType = wrapper.application; includeInIndex = 0; path = AppleNewsFeed.app; sourceTree = BUILT_PRODUCTS_DIR; };
		4210E69626C1879F00FB5624 /* AppDelegate.swift */ = {isa = PBXFileReference; lastKnownFileType = sourcecode.swift; path = AppDelegate.swift; sourceTree = "<group>"; };
		4210E69826C1879F00FB5624 /* SceneDelegate.swift */ = {isa = PBXFileReference; lastKnownFileType = sourcecode.swift; path = SceneDelegate.swift; sourceTree = "<group>"; };
		4210E69A26C1879F00FB5624 /* CharacterListViewController.swift */ = {isa = PBXFileReference; lastKnownFileType = sourcecode.swift; path = CharacterListViewController.swift; sourceTree = "<group>"; };
		4210E69D26C1879F00FB5624 /* Base */ = {isa = PBXFileReference; lastKnownFileType = file.storyboard; name = Base; path = Base.lproj/Main.storyboard; sourceTree = "<group>"; };
		4210E6A026C1879F00FB5624 /* AppleNewsFeed.xcdatamodel */ = {isa = PBXFileReference; lastKnownFileType = wrapper.xcdatamodel; path = AppleNewsFeed.xcdatamodel; sourceTree = "<group>"; };
		4210E6A226C187A100FB5624 /* Assets.xcassets */ = {isa = PBXFileReference; lastKnownFileType = folder.assetcatalog; path = Assets.xcassets; sourceTree = "<group>"; };
		4210E6A526C187A100FB5624 /* Base */ = {isa = PBXFileReference; lastKnownFileType = file.storyboard; name = Base; path = Base.lproj/LaunchScreen.storyboard; sourceTree = "<group>"; };
		4210E6A726C187A100FB5624 /* Info.plist */ = {isa = PBXFileReference; lastKnownFileType = text.plist.xml; path = Info.plist; sourceTree = "<group>"; };
		4210E6B226C1882000FB5624 /* Alert.swift */ = {isa = PBXFileReference; lastKnownFileType = sourcecode.swift; path = Alert.swift; sourceTree = "<group>"; };
		4210E6B426C18CBC00FB5624 /* CharacterListTableViewCell.swift */ = {isa = PBXFileReference; lastKnownFileType = sourcecode.swift; path = CharacterListTableViewCell.swift; sourceTree = "<group>"; };
		4210E6B626C1906C00FB5624 /* Item.swift */ = {isa = PBXFileReference; lastKnownFileType = sourcecode.swift; path = Item.swift; sourceTree = "<group>"; };
		42F9A0A926C434E900BDC7D6 /* DetailViewController.swift */ = {isa = PBXFileReference; lastKnownFileType = sourcecode.swift; name = DetailViewController.swift; path = AppleNewsFeed/Controller/DetailViewController.swift; sourceTree = SOURCE_ROOT; };
		42F9A0AB26C43A3400BDC7D6 /* FindCharacterController.swift */ = {isa = PBXFileReference; lastKnownFileType = sourcecode.swift; path = FindCharacterController.swift; sourceTree = "<group>"; };
		42F9A0AD26C43EF800BDC7D6 /* SavedCharacterListViewController.swift */ = {isa = PBXFileReference; lastKnownFileType = sourcecode.swift; path = SavedCharacterListViewController.swift; sourceTree = "<group>"; };
/* End PBXFileReference section */

/* Begin PBXFrameworksBuildPhase section */
		4210E69026C1879F00FB5624 /* Frameworks */ = {
			isa = PBXFrameworksBuildPhase;
			buildActionMask = 2147483647;
			files = (
				4206564726CBF59E00F57766 /* SwiftyJSON in Frameworks */,
				4206564426CBF58500F57766 /* Alamofire in Frameworks */,
			);
			runOnlyForDeploymentPostprocessing = 0;
		};
/* End PBXFrameworksBuildPhase section */

/* Begin PBXGroup section */
		4206563B26CA46A600F57766 /* ExtraResource */ = {
			isa = PBXGroup;
			children = (
				4206563C26CA46DA00F57766 /* DesignableTextField.swift */,
				4206563E26CA46EB00F57766 /* BounceButton.swift */,
				4206564026CA46FD00F57766 /* DesignButton.swift */,
			);
			path = ExtraResource;
			sourceTree = "<group>";
		};
		4210E68A26C1879F00FB5624 = {
			isa = PBXGroup;
			children = (
				4210E69526C1879F00FB5624 /* AppleNewsFeed */,
				4210E69426C1879F00FB5624 /* Products */,
			);
			sourceTree = "<group>";
		};
		4210E69426C1879F00FB5624 /* Products */ = {
			isa = PBXGroup;
			children = (
				4210E69326C1879F00FB5624 /* AppleNewsFeed.app */,
			);
			name = Products;
			sourceTree = "<group>";
		};
		4210E69526C1879F00FB5624 /* AppleNewsFeed */ = {
			isa = PBXGroup;
			children = (
				4206563B26CA46A600F57766 /* ExtraResource */,
				4210E6AD26C187AD00FB5624 /* AppDelegate */,
				4210E6B126C187FE00FB5624 /* Extension */,
				4210E6B026C187EA00FB5624 /* Model */,
				4210E6AF26C187C900FB5624 /* View */,
				4210E6AE26C187BE00FB5624 /* Controller */,
				4210E6A226C187A100FB5624 /* Assets.xcassets */,
				4210E6A726C187A100FB5624 /* Info.plist */,
				4210E69F26C1879F00FB5624 /* AppleNewsFeed.xcdatamodeld */,
			);
			path = AppleNewsFeed;
			sourceTree = "<group>";
		};
		4210E6AD26C187AD00FB5624 /* AppDelegate */ = {
			isa = PBXGroup;
			children = (
				4210E69626C1879F00FB5624 /* AppDelegate.swift */,
				4210E69826C1879F00FB5624 /* SceneDelegate.swift */,
			);
			path = AppDelegate;
			sourceTree = "<group>";
		};
		4210E6AE26C187BE00FB5624 /* Controller */ = {
			isa = PBXGroup;
			children = (
				4210E69A26C1879F00FB5624 /* CharacterListViewController.swift */,
				4210E6B426C18CBC00FB5624 /* CharacterListTableViewCell.swift */,
				42F9A0A926C434E900BDC7D6 /* DetailViewController.swift */,
				42F9A0AB26C43A3400BDC7D6 /* FindCharacterController.swift */,
				42F9A0AD26C43EF800BDC7D6 /* SavedCharacterListViewController.swift */,
			);
			path = Controller;
			sourceTree = "<group>";
		};
		4210E6AF26C187C900FB5624 /* View */ = {
			isa = PBXGroup;
			children = (
				4210E69C26C1879F00FB5624 /* Main.storyboard */,
				4210E6A426C187A100FB5624 /* LaunchScreen.storyboard */,
			);
			path = View;
			sourceTree = "<group>";
		};
		4210E6B026C187EA00FB5624 /* Model */ = {
			isa = PBXGroup;
			children = (
				4210E6B626C1906C00FB5624 /* Item.swift */,
			);
			path = Model;
			sourceTree = "<group>";
		};
		4210E6B126C187FE00FB5624 /* Extension */ = {
			isa = PBXGroup;
			children = (
				4210E6B226C1882000FB5624 /* Alert.swift */,
			);
			path = Extension;
			sourceTree = "<group>";
		};
/* End PBXGroup section */

/* Begin PBXNativeTarget section */
		4210E69226C1879F00FB5624 /* AppleNewsFeed */ = {
			isa = PBXNativeTarget;
			buildConfigurationList = 4210E6AA26C187A100FB5624 /* Build configuration list for PBXNativeTarget "AppleNewsFeed" */;
			buildPhases = (
				4210E68F26C1879F00FB5624 /* Sources */,
				4210E69026C1879F00FB5624 /* Frameworks */,
				4210E69126C1879F00FB5624 /* Resources */,
			);
			buildRules = (
			);
			dependencies = (
			);
			name = AppleNewsFeed;
			packageProductDependencies = (
				4206564326CBF58500F57766 /* Alamofire */,
				4206564626CBF59E00F57766 /* SwiftyJSON */,
			);
			productName = AppleNewsFeed;
			productReference = 4210E69326C1879F00FB5624 /* AppleNewsFeed.app */;
			productType = "com.apple.product-type.application";
		};
/* End PBXNativeTarget section */

/* Begin PBXProject section */
		4210E68B26C1879F00FB5624 /* Project object */ = {
			isa = PBXProject;
			attributes = {
				LastSwiftUpdateCheck = 1250;
				LastUpgradeCheck = 1250;
				TargetAttributes = {
					4210E69226C1879F00FB5624 = {
						CreatedOnToolsVersion = 12.5.1;
					};
				};
			};
			buildConfigurationList = 4210E68E26C1879F00FB5624 /* Build configuration list for PBXProject "AppleNewsFeed" */;
			compatibilityVersion = "Xcode 9.3";
			developmentRegion = en;
			hasScannedForEncodings = 0;
			knownRegions = (
				en,
				Base,
			);
			mainGroup = 4210E68A26C1879F00FB5624;
			packageReferences = (
				4206564226CBF58500F57766 /* XCRemoteSwiftPackageReference "Alamofire" */,
				4206564526CBF59E00F57766 /* XCRemoteSwiftPackageReference "SwiftyJSON" */,
			);
			productRefGroup = 4210E69426C1879F00FB5624 /* Products */;
			projectDirPath = "";
			projectRoot = "";
			targets = (
				4210E69226C1879F00FB5624 /* AppleNewsFeed */,
			);
		};
/* End PBXProject section */

/* Begin PBXResourcesBuildPhase section */
		4210E69126C1879F00FB5624 /* Resources */ = {
			isa = PBXResourcesBuildPhase;
			buildActionMask = 2147483647;
			files = (
				4210E6A626C187A100FB5624 /* LaunchScreen.storyboard in Resources */,
				4210E6A326C187A100FB5624 /* Assets.xcassets in Resources */,
				4210E69E26C1879F00FB5624 /* Main.storyboard in Resources */,
			);
			runOnlyForDeploymentPostprocessing = 0;
		};
/* End PBXResourcesBuildPhase section */

/* Begin PBXSourcesBuildPhase section */
		4210E68F26C1879F00FB5624 /* Sources */ = {
			isa = PBXSourcesBuildPhase;
			buildActionMask = 2147483647;
			files = (
				4210E69B26C1879F00FB5624 /* CharacterListViewController.swift in Sources */,
				42F9A0AC26C43A3400BDC7D6 /* FindCharacterController.swift in Sources */,
				4206564126CA46FD00F57766 /* DesignButton.swift in Sources */,
				4210E6A126C1879F00FB5624 /* AppleNewsFeed.xcdatamodeld in Sources */,
				4210E6B526C18CBC00FB5624 /* CharacterListTableViewCell.swift in Sources */,
				4206563D26CA46DA00F57766 /* DesignableTextField.swift in Sources */,
				4206563F26CA46EB00F57766 /* BounceButton.swift in Sources */,
				4210E69726C1879F00FB5624 /* AppDelegate.swift in Sources */,
				4210E6B726C1906C00FB5624 /* Item.swift in Sources */,
				4210E6B326C1882000FB5624 /* Alert.swift in Sources */,
				42F9A0AE26C43EF800BDC7D6 /* SavedCharacterListViewController.swift in Sources */,
				4210E69926C1879F00FB5624 /* SceneDelegate.swift in Sources */,
				42F9A0AA26C434E900BDC7D6 /* DetailViewController.swift in Sources */,
			);
			runOnlyForDeploymentPostprocessing = 0;
		};
/* End PBXSourcesBuildPhase section */

/* Begin PBXVariantGroup section */
		4210E69C26C1879F00FB5624 /* Main.storyboard */ = {
			isa = PBXVariantGroup;
			children = (
				4210E69D26C1879F00FB5624 /* Base */,
			);
			name = Main.storyboard;
			sourceTree = "<group>";
		};
		4210E6A426C187A100FB5624 /* LaunchScreen.storyboard */ = {
			isa = PBXVariantGroup;
			children = (
				4210E6A526C187A100FB5624 /* Base */,
			);
			name = LaunchScreen.storyboard;
			sourceTree = "<group>";
		};
/* End PBXVariantGroup section */

/* Begin XCBuildConfiguration section */
		4210E6A826C187A100FB5624 /* Debug */ = {
			isa = XCBuildConfiguration;
			buildSettings = {
				ALWAYS_SEARCH_USER_PATHS = NO;
				CLANG_ANALYZER_NONNULL = YES;
				CLANG_ANALYZER_NUMBER_OBJECT_CONVERSION = YES_AGGRESSIVE;
				CLANG_CXX_LANGUAGE_STANDARD = "gnu++14";
				CLANG_CXX_LIBRARY = "libc++";
				CLANG_ENABLE_MODULES = YES;
				CLANG_ENABLE_OBJC_ARC = YES;
				CLANG_ENABLE_OBJC_WEAK = YES;
				CLANG_WARN_BLOCK_CAPTURE_AUTORELEASING = YES;
				CLANG_WARN_BOOL_CONVERSION = YES;
				CLANG_WARN_COMMA = YES;
				CLANG_WARN_CONSTANT_CONVERSION = YES;
				CLANG_WARN_DEPRECATED_OBJC_IMPLEMENTATIONS = YES;
				CLANG_WARN_DIRECT_OBJC_ISA_USAGE = YES_ERROR;
				CLANG_WARN_DOCUMENTATION_COMMENTS = YES;
				CLANG_WARN_EMPTY_BODY = YES;
				CLANG_WARN_ENUM_CONVERSION = YES;
				CLANG_WARN_INFINITE_RECURSION = YES;
				CLANG_WARN_INT_CONVERSION = YES;
				CLANG_WARN_NON_LITERAL_NULL_CONVERSION = YES;
				CLANG_WARN_OBJC_IMPLICIT_RETAIN_SELF = YES;
				CLANG_WARN_OBJC_LITERAL_CONVERSION = YES;
				CLANG_WARN_OBJC_ROOT_CLASS = YES_ERROR;
				CLANG_WARN_QUOTED_INCLUDE_IN_FRAMEWORK_HEADER = YES;
				CLANG_WARN_RANGE_LOOP_ANALYSIS = YES;
				CLANG_WARN_STRICT_PROTOTYPES = YES;
				CLANG_WARN_SUSPICIOUS_MOVE = YES;
				CLANG_WARN_UNGUARDED_AVAILABILITY = YES_AGGRESSIVE;
				CLANG_WARN_UNREACHABLE_CODE = YES;
				CLANG_WARN__DUPLICATE_METHOD_MATCH = YES;
				COPY_PHASE_STRIP = NO;
				DEBUG_INFORMATION_FORMAT = dwarf;
				ENABLE_STRICT_OBJC_MSGSEND = YES;
				ENABLE_TESTABILITY = YES;
				GCC_C_LANGUAGE_STANDARD = gnu11;
				GCC_DYNAMIC_NO_PIC = NO;
				GCC_NO_COMMON_BLOCKS = YES;
				GCC_OPTIMIZATION_LEVEL = 0;
				GCC_PREPROCESSOR_DEFINITIONS = (
					"DEBUG=1",
					"$(inherited)",
				);
				GCC_WARN_64_TO_32_BIT_CONVERSION = YES;
				GCC_WARN_ABOUT_RETURN_TYPE = YES_ERROR;
				GCC_WARN_UNDECLARED_SELECTOR = YES;
				GCC_WARN_UNINITIALIZED_AUTOS = YES_AGGRESSIVE;
				GCC_WARN_UNUSED_FUNCTION = YES;
				GCC_WARN_UNUSED_VARIABLE = YES;
				IPHONEOS_DEPLOYMENT_TARGET = 14.5;
				MTL_ENABLE_DEBUG_INFO = INCLUDE_SOURCE;
				MTL_FAST_MATH = YES;
				ONLY_ACTIVE_ARCH = YES;
				SDKROOT = iphoneos;
				SWIFT_ACTIVE_COMPILATION_CONDITIONS = DEBUG;
				SWIFT_OPTIMIZATION_LEVEL = "-Onone";
			};
			name = Debug;
		};
		4210E6A926C187A100FB5624 /* Release */ = {
			isa = XCBuildConfiguration;
			buildSettings = {
				ALWAYS_SEARCH_USER_PATHS = NO;
				CLANG_ANALYZER_NONNULL = YES;
				CLANG_ANALYZER_NUMBER_OBJECT_CONVERSION = YES_AGGRESSIVE;
				CLANG_CXX_LANGUAGE_STANDARD = "gnu++14";
				CLANG_CXX_LIBRARY = "libc++";
				CLANG_ENABLE_MODULES = YES;
				CLANG_ENABLE_OBJC_ARC = YES;
				CLANG_ENABLE_OBJC_WEAK = YES;
				CLANG_WARN_BLOCK_CAPTURE_AUTORELEASING = YES;
				CLANG_WARN_BOOL_CONVERSION = YES;
				CLANG_WARN_COMMA = YES;
				CLANG_WARN_CONSTANT_CONVERSION = YES;
				CLANG_WARN_DEPRECATED_OBJC_IMPLEMENTATIONS = YES;
				CLANG_WARN_DIRECT_OBJC_ISA_USAGE = YES_ERROR;
				CLANG_WARN_DOCUMENTATION_COMMENTS = YES;
				CLANG_WARN_EMPTY_BODY = YES;
				CLANG_WARN_ENUM_CONVERSION = YES;
				CLANG_WARN_INFINITE_RECURSION = YES;
				CLANG_WARN_INT_CONVERSION = YES;
				CLANG_WARN_NON_LITERAL_NULL_CONVERSION = YES;
				CLANG_WARN_OBJC_IMPLICIT_RETAIN_SELF = YES;
				CLANG_WARN_OBJC_LITERAL_CONVERSION = YES;
				CLANG_WARN_OBJC_ROOT_CLASS = YES_ERROR;
				CLANG_WARN_QUOTED_INCLUDE_IN_FRAMEWORK_HEADER = YES;
				CLANG_WARN_RANGE_LOOP_ANALYSIS = YES;
				CLANG_WARN_STRICT_PROTOTYPES = YES;
				CLANG_WARN_SUSPICIOUS_MOVE = YES;
				CLANG_WARN_UNGUARDED_AVAILABILITY = YES_AGGRESSIVE;
				CLANG_WARN_UNREACHABLE_CODE = YES;
				CLANG_WARN__DUPLICATE_METHOD_MATCH = YES;
				COPY_PHASE_STRIP = NO;
				DEBUG_INFORMATION_FORMAT = "dwarf-with-dsym";
				ENABLE_NS_ASSERTIONS = NO;
				ENABLE_STRICT_OBJC_MSGSEND = YES;
				GCC_C_LANGUAGE_STANDARD = gnu11;
				GCC_NO_COMMON_BLOCKS = YES;
				GCC_WARN_64_TO_32_BIT_CONVERSION = YES;
				GCC_WARN_ABOUT_RETURN_TYPE = YES_ERROR;
				GCC_WARN_UNDECLARED_SELECTOR = YES;
				GCC_WARN_UNINITIALIZED_AUTOS = YES_AGGRESSIVE;
				GCC_WARN_UNUSED_FUNCTION = YES;
				GCC_WARN_UNUSED_VARIABLE = YES;
				IPHONEOS_DEPLOYMENT_TARGET = 14.5;
				MTL_ENABLE_DEBUG_INFO = NO;
				MTL_FAST_MATH = YES;
				SDKROOT = iphoneos;
				SWIFT_COMPILATION_MODE = wholemodule;
				SWIFT_OPTIMIZATION_LEVEL = "-O";
				VALIDATE_PRODUCT = YES;
			};
			name = Release;
		};
		4210E6AB26C187A100FB5624 /* Debug */ = {
			isa = XCBuildConfiguration;
			buildSettings = {
				ASSETCATALOG_COMPILER_APPICON_NAME = AppIcon;
				ASSETCATALOG_COMPILER_GLOBAL_ACCENT_COLOR_NAME = AccentColor;
				CODE_SIGN_STYLE = Automatic;
				DEVELOPMENT_TEAM = S988FL387X;
				INFOPLIST_FILE = AppleNewsFeed/Info.plist;
				LD_RUNPATH_SEARCH_PATHS = (
					"$(inherited)",
					"@executable_path/Frameworks",
				);
				PRODUCT_BUNDLE_IDENTIFIER = "com.up-co.AppleNewsFeed";
				PRODUCT_NAME = "$(TARGET_NAME)";
				SWIFT_VERSION = 5.0;
				TARGETED_DEVICE_FAMILY = "1,2";
			};
			name = Debug;
		};
		4210E6AC26C187A100FB5624 /* Release */ = {
			isa = XCBuildConfiguration;
			buildSettings = {
				ASSETCATALOG_COMPILER_APPICON_NAME = AppIcon;
				ASSETCATALOG_COMPILER_GLOBAL_ACCENT_COLOR_NAME = AccentColor;
				CODE_SIGN_STYLE = Automatic;
				DEVELOPMENT_TEAM = S988FL387X;
				INFOPLIST_FILE = AppleNewsFeed/Info.plist;
				LD_RUNPATH_SEARCH_PATHS = (
					"$(inherited)",
					"@executable_path/Frameworks",
				);
				PRODUCT_BUNDLE_IDENTIFIER = "com.up-co.AppleNewsFeed";
				PRODUCT_NAME = "$(TARGET_NAME)";
				SWIFT_VERSION = 5.0;
				TARGETED_DEVICE_FAMILY = "1,2";
			};
			name = Release;
		};
/* End XCBuildConfiguration section */

/* Begin XCConfigurationList section */
		4210E68E26C1879F00FB5624 /* Build configuration list for PBXProject "AppleNewsFeed" */ = {
			isa = XCConfigurationList;
			buildConfigurations = (
				4210E6A826C187A100FB5624 /* Debug */,
				4210E6A926C187A100FB5624 /* Release */,
			);
			defaultConfigurationIsVisible = 0;
			defaultConfigurationName = Release;
		};
		4210E6AA26C187A100FB5624 /* Build configuration list for PBXNativeTarget "AppleNewsFeed" */ = {
			isa = XCConfigurationList;
			buildConfigurations = (
				4210E6AB26C187A100FB5624 /* Debug */,
				4210E6AC26C187A100FB5624 /* Release */,
			);
			defaultConfigurationIsVisible = 0;
			defaultConfigurationName = Release;
		};
/* End XCConfigurationList section */

/* Begin XCRemoteSwiftPackageReference section */
		4206564226CBF58500F57766 /* XCRemoteSwiftPackageReference "Alamofire" */ = {
			isa = XCRemoteSwiftPackageReference;
			repositoryURL = "https://github.com/Alamofire/Alamofire.git";
			requirement = {
				kind = upToNextMajorVersion;
				minimumVersion = 5.4.3;
			};
		};
		4206564526CBF59E00F57766 /* XCRemoteSwiftPackageReference "SwiftyJSON" */ = {
			isa = XCRemoteSwiftPackageReference;
			repositoryURL = "https://github.com/SwiftyJSON/SwiftyJSON.git";
			requirement = {
				kind = upToNextMajorVersion;
				minimumVersion = 5.0.1;
			};
		};
/* End XCRemoteSwiftPackageReference section */

/* Begin XCSwiftPackageProductDependency section */
		4206564326CBF58500F57766 /* Alamofire */ = {
			isa = XCSwiftPackageProductDependency;
			package = 4206564226CBF58500F57766 /* XCRemoteSwiftPackageReference "Alamofire" */;
			productName = Alamofire;
		};
		4206564626CBF59E00F57766 /* SwiftyJSON */ = {
			isa = XCSwiftPackageProductDependency;
			package = 4206564526CBF59E00F57766 /* XCRemoteSwiftPackageReference "SwiftyJSON" */;
			productName = SwiftyJSON;
		};
/* End XCSwiftPackageProductDependency section */

/* Begin XCVersionGroup section */
		4210E69F26C1879F00FB5624 /* AppleNewsFeed.xcdatamodeld */ = {
			isa = XCVersionGroup;
			children = (
				4210E6A026C1879F00FB5624 /* AppleNewsFeed.xcdatamodel */,
			);
			currentVersion = 4210E6A026C1879F00FB5624 /* AppleNewsFeed.xcdatamodel */;
			path = AppleNewsFeed.xcdatamodeld;
			sourceTree = "<group>";
			versionGroupType = wrapper.xcdatamodel;
		};
/* End XCVersionGroup section */
	};
	rootObject = 4210E68B26C1879F00FB5624 /* Project object */;
}
